
Microsoft Visual Studio Solution File, Format Version 12.00
Project("{FAE04EC0-301F-11D3-BF4B-00C04F79EFBC}") = "Cwiczenia_4Warehouse", "Cwiczenia_4Warehouse\Cwiczenia_4Warehouse.csproj", "{A913BAE3-DA9E-4BF2-9219-5F491874D88B}"
EndProject
Global
	GlobalSection(SolutionConfigurationPlatforms) = preSolution
		Debug|Any CPU = Debug|Any CPU
		Release|Any CPU = Release|Any CPU
	EndGlobalSection
	GlobalSection(ProjectConfigurationPlatforms) = postSolution
		{A913BAE3-DA9E-4BF2-9219-5F491874D88B}.Debug|Any CPU.ActiveCfg = Debug|Any CPU
		{A913BAE3-DA9E-4BF2-9219-5F491874D88B}.Debug|Any CPU.Build.0 = Debug|Any CPU
		{A913BAE3-DA9E-4BF2-9219-5F491874D88B}.Release|Any CPU.ActiveCfg = Release|Any CPU
		{A913BAE3-DA9E-4BF2-9219-5F491874D88B}.Release|Any CPU.Build.0 = Release|Any CPU
	EndGlobalSection
EndGlobal
